{
  "name": "nx-logger-debug",
  "version": "1.0.9",
  "lockfileVersion": 1,
  "dependencies": {
    "@types/debug": {
      "version": "0.0.29",
      "resolved": "https://registry.npmjs.org/@types/debug/-/debug-0.0.29.tgz",
      "integrity": "sha1-oeUUrfvZLwOiJLpU1pMRHb8fN1Q=",
      "dev": true
    },
    "@types/node": {
      "version": "7.0.31",
      "resolved": "https://registry.npmjs.org/@types/node/-/node-7.0.31.tgz",
      "integrity": "sha512-+KrE1LDddn97ip+gXZAnzNQ0pupKH/6tcKwTpo96BDVNpzmhIKGHug0Wd3H0dN4WEqYB1tXYI5m2mZuIZNI8tg==",
      "dev": true
    },
    "debug": {
      "version": "2.6.8",
      "resolved": "https://registry.npmjs.org/debug/-/debug-2.6.8.tgz",
      "integrity": "sha1-5zFTHKLt4n0YgiJCfaF4IdaP9Pw="
    },
    "ms": {
      "version": "2.0.0",
      "resolved": "https://registry.npmjs.org/ms/-/ms-2.0.0.tgz",
      "integrity": "sha1-VgiurfwAvmwpAd9fmGF4jeDVl8g="
    },
    "nx-logger": {
      "version": "1.0.9",
      "resolved": "https://registry.npmjs.org/nx-logger/-/nx-logger-1.0.9.tgz",
      "integrity": "sha512-xgA+zJD+QHBgputDFuf9YICK06QOjBCBB6IAreaMt8WelxCgNauBs9OqBFc1Imq3nFaImFLIzKQQ8a5ztwCssg=="
    },
    "typescript": {
      "version": "2.4.0",
      "resolved": "https://registry.npmjs.org/typescript/-/typescript-2.4.0.tgz",
      "integrity": "sha1-rvWo1AS+ujatM5q/B53d3/+6ht0=",
      "dev": true
    }
  }
}
